// !$*UTF8*$!
{
	archiveVersion = 1;
	classes = {
	};
	objectVersion = 77;
	objects = {

/* Begin PBXBuildFile section */
		056107002EB18603006B8EA6 /* flirtKeyboard.appex in Embed Foundation Extensions */ = {isa = PBXBuildFile; fileRef = 056106F92EB18603006B8EA6 /* flirtKeyboard.appex */; settings = {ATTRIBUTES = (RemoveHeadersOnCopy, ); }; };
/* End PBXBuildFile section */

/* Begin PBXContainerItemProxy section */
		056106D92EB17CD7006B8EA6 /* PBXContainerItemProxy */ = {
			isa = PBXContainerItemProxy;
			containerPortal = 056106C32EB17CD3006B8EA6 /* Project object */;
			proxyType = 1;
			remoteGlobalIDString = 056106CA2EB17CD3006B8EA6;
			remoteInfo = flrt;
		};
		056106E32EB17CD7006B8EA6 /* PBXContainerItemProxy */ = {
			isa = PBXContainerItemProxy;
			containerPortal = 056106C32EB17CD3006B8EA6 /* Project object */;
			proxyType = 1;
			remoteGlobalIDString = 056106CA2EB17CD3006B8EA6;
			remoteInfo = flrt;
		};
		056106FE2EB18603006B8EA6 /* PBXContainerItemProxy */ = {
			isa = PBXContainerItemProxy;
			containerPortal = 056106C32EB17CD3006B8EA6 /* Project object */;
			proxyType = 1;
			remoteGlobalIDString = 056106F82EB18603006B8EA6;
			remoteInfo = flirtKeyboard;
		};
/* End PBXContainerItemProxy section */

/* Begin PBXCopyFilesBuildPhase section */
		056107052EB18603006B8EA6 /* Embed Foundation Extensions */ = {
			isa = PBXCopyFilesBuildPhase;
			buildActionMask = 2147483647;
			dstPath = "";
			dstSubfolderSpec = 13;
			files = (
				056107002EB18603006B8EA6 /* flirtKeyboard.appex in Embed Foundation Extensions */,
			);
			name = "Embed Foundation Extensions";
			runOnlyForDeploymentPostprocessing = 0;
		};
/* End PBXCopyFilesBuildPhase section */

/* Begin PBXFileReference section */
		056106CB2EB17CD3006B8EA6 /* flrt.app */ = {isa = PBXFileReference; explicitFileType = wrapper.application; includeInIndex = 0; path = flrt.app; sourceTree = BUILT_PRODUCTS_DIR; };
		056106D82EB17CD7006B8EA6 /* flrtTests.xctest */ = {isa = PBXFileReference; explicitFileType = wrapper.cfbundle; includeInIndex = 0; path = flrtTests.xctest; sourceTree = BUILT_PRODUCTS_DIR; };
		056106E22EB17CD7006B8EA6 /* flrtUITests.xctest */ = {isa = PBXFileReference; explicitFileType = wrapper.cfbundle; includeInIndex = 0; path = flrtUITests.xctest; sourceTree = BUILT_PRODUCTS_DIR; };
		056106F92EB18603006B8EA6 /* flirtKeyboard.appex */ = {isa = PBXFileReference; explicitFileType = "wrapper.app-extension"; includeInIndex = 0; path = flirtKeyboard.appex; sourceTree = BUILT_PRODUCTS_DIR; };
/* End PBXFileReference section */

/* Begin PBXFileSystemSynchronizedBuildFileExceptionSet section */
		056107012EB18603006B8EA6 /* Exceptions for "flirtKeyboard" folder in "flirtKeyboard" target */ = {
			isa = PBXFileSystemSynchronizedBuildFileExceptionSet;
			membershipExceptions = (
				Info.plist,
			);
			target = 056106F82EB18603006B8EA6 /* flirtKeyboard */;
		};
		056107092EB186D1006B8EA6 /* Exceptions for "flrt" folder in "flrt" target */ = {
			isa = PBXFileSystemSynchronizedBuildFileExceptionSet;
			membershipExceptions = (
				Info.plist,
			);
			target = 056106CA2EB17CD3006B8EA6 /* flrt */;
		};
/* End PBXFileSystemSynchronizedBuildFileExceptionSet section */

/* Begin PBXFileSystemSynchronizedRootGroup section */
		056106CD2EB17CD3006B8EA6 /* flrt */ = {
			isa = PBXFileSystemSynchronizedRootGroup;
			exceptions = (
				056107092EB186D1006B8EA6 /* Exceptions for "flrt" folder in "flrt" target */,
			);
			path = flrt;
			sourceTree = "<group>";
		};
		056106DB2EB17CD7006B8EA6 /* flrtTests */ = {
			isa = PBXFileSystemSynchronizedRootGroup;
			path = flrtTests;
			sourceTree = "<group>";
		};
		056106E52EB17CD7006B8EA6 /* flrtUITests */ = {
			isa = PBXFileSystemSynchronizedRootGroup;
			path = flrtUITests;
			sourceTree = "<group>";
		};
		056106FA2EB18603006B8EA6 /* flirtKeyboard */ = {
			isa = PBXFileSystemSynchronizedRootGroup;
			exceptions = (
				056107012EB18603006B8EA6 /* Exceptions for "flirtKeyboard" folder in "flirtKeyboard" target */,
			);
			path = flirtKeyboard;
			sourceTree = "<group>";
		};
/* End PBXFileSystemSynchronizedRootGroup section */

/* Begin PBXFrameworksBuildPhase section */
		056106C82EB17CD3006B8EA6 /* Frameworks */ = {
			isa = PBXFrameworksBuildPhase;
			buildActionMask = 2147483647;
			files = (
			);
			runOnlyForDeploymentPostprocessing = 0;
		};
		056106D52EB17CD7006B8EA6 /* Frameworks */ = {
			isa = PBXFrameworksBuildPhase;
			buildActionMask = 2147483647;
			files = (
			);
			runOnlyForDeploymentPostprocessing = 0;
		};
		056106DF2EB17CD7006B8EA6 /* Frameworks */ = {
			isa = PBXFrameworksBuildPhase;
			buildActionMask = 2147483647;
			files = (
			);
			runOnlyForDeploymentPostprocessing = 0;
		};
		056106F62EB18603006B8EA6 /* Frameworks */ = {
			isa = PBXFrameworksBuildPhase;
			buildActionMask = 2147483647;
			files = (
			);
			runOnlyForDeploymentPostprocessing = 0;
		};
/* End PBXFrameworksBuildPhase section */

/* Begin PBXGroup section */
		056106C22EB17CD3006B8EA6 = {
			isa = PBXGroup;
			children = (
				056106CD2EB17CD3006B8EA6 /* flrt */,
				056106DB2EB17CD7006B8EA6 /* flrtTests */,
				056106E52EB17CD7006B8EA6 /* flrtUITests */,
				056106FA2EB18603006B8EA6 /* flirtKeyboard */,
				056106CC2EB17CD3006B8EA6 /* Products */,
			);
			sourceTree = "<group>";
		};
		056106CC2EB17CD3006B8EA6 /* Products */ = {
			isa = PBXGroup;
			children = (
				056106CB2EB17CD3006B8EA6 /* flrt.app */,
				056106D82EB17CD7006B8EA6 /* flrtTests.xctest */,
				056106E22EB17CD7006B8EA6 /* flrtUITests.xctest */,
				056106F92EB18603006B8EA6 /* flirtKeyboard.appex */,
			);
			name = Products;
			sourceTree = "<group>";
		};
/* End PBXGroup section */

/* Begin PBXNativeTarget section */
		056106CA2EB17CD3006B8EA6 /* flrt */ = {
			isa = PBXNativeTarget;
			buildConfigurationList = 056106EC2EB17CD7006B8EA6 /* Build configuration list for PBXNativeTarget "flrt" */;
			buildPhases = (
				056106C72EB17CD3006B8EA6 /* Sources */,
				056106C82EB17CD3006B8EA6 /* Frameworks */,
				056106C92EB17CD3006B8EA6 /* Resources */,
				056107052EB18603006B8EA6 /* Embed Foundation Extensions */,
			);
			buildRules = (
			);
			dependencies = (
				056106FF2EB18603006B8EA6 /* PBXTargetDependency */,
			);
			fileSystemSynchronizedGroups = (
				056106CD2EB17CD3006B8EA6 /* flrt */,
			);
			name = flrt;
			packageProductDependencies = (
			);
			productName = flrt;
			productReference = 056106CB2EB17CD3006B8EA6 /* flrt.app */;
			productType = "com.apple.product-type.application";
		};
		056106D72EB17CD7006B8EA6 /* flrtTests */ = {
			isa = PBXNativeTarget;
			buildConfigurationList = 056106EF2EB17CD7006B8EA6 /* Build configuration list for PBXNativeTarget "flrtTests" */;
			buildPhases = (
				056106D42EB17CD7006B8EA6 /* Sources */,
				056106D52EB17CD7006B8EA6 /* Frameworks */,
				056106D62EB17CD7006B8EA6 /* Resources */,
			);
			buildRules = (
			);
			dependencies = (
				056106DA2EB17CD7006B8EA6 /* PBXTargetDependency */,
			);
			fileSystemSynchronizedGroups = (
				056106DB2EB17CD7006B8EA6 /* flrtTests */,
			);
			name = flrtTests;
			packageProductDependencies = (
			);
			productName = flrtTests;
			productReference = 056106D82EB17CD7006B8EA6 /* flrtTests.xctest */;
			productType = "com.apple.product-type.bundle.unit-test";
		};
		056106E12EB17CD7006B8EA6 /* flrtUITests */ = {
			isa = PBXNativeTarget;
			buildConfigurationList = 056106F22EB17CD7006B8EA6 /* Build configuration list for PBXNativeTarget "flrtUITests" */;
			buildPhases = (
				056106DE2EB17CD7006B8EA6 /* Sources */,
				056106DF2EB17CD7006B8EA6 /* Frameworks */,
				056106E02EB17CD7006B8EA6 /* Resources */,
			);
			buildRules = (
			);
			dependencies = (
				056106E42EB17CD7006B8EA6 /* PBXTargetDependency */,
			);
			fileSystemSynchronizedGroups = (
				056106E52EB17CD7006B8EA6 /* flrtUITests */,
			);
			name = flrtUITests;
			packageProductDependencies = (
			);
			productName = flrtUITests;
			productReference = 056106E22EB17CD7006B8EA6 /* flrtUITests.xctest */;
			productType = "com.apple.product-type.bundle.ui-testing";
		};
		056106F82EB18603006B8EA6 /* flirtKeyboard */ = {
			isa = PBXNativeTarget;
			buildConfigurationList = 056107022EB18603006B8EA6 /* Build configuration list for PBXNativeTarget "flirtKeyboard" */;
			buildPhases = (
				056106F52EB18603006B8EA6 /* Sources */,
				056106F62EB18603006B8EA6 /* Frameworks */,
				056106F72EB18603006B8EA6 /* Resources */,
			);
			buildRules = (
			);
			dependencies = (
			);
			fileSystemSynchronizedGroups = (
				056106FA2EB18603006B8EA6 /* flirtKeyboard */,
			);
			name = flirtKeyboard;
			packageProductDependencies = (
			);
			productName = flirtKeyboard;
			productReference = 056106F92EB18603006B8EA6 /* flirtKeyboard.appex */;
			productType = "com.apple.product-type.app-extension";
		};
/* End PBXNativeTarget section */

/* Begin PBXProject section */
		056106C32EB17CD3006B8EA6 /* Project object */ = {
			isa = PBXProject;
			attributes = {
				BuildIndependentTargetsInParallel = 1;
				LastSwiftUpdateCheck = 1640;
				LastUpgradeCheck = 1640;
				TargetAttributes = {
					056106CA2EB17CD3006B8EA6 = {
						CreatedOnToolsVersion = 16.4;
					};
					056106D72EB17CD7006B8EA6 = {
						CreatedOnToolsVersion = 16.4;
						TestTargetID = 056106CA2EB17CD3006B8EA6;
					};
					056106E12EB17CD7006B8EA6 = {
						CreatedOnToolsVersion = 16.4;
						TestTargetID = 056106CA2EB17CD3006B8EA6;
					};
					056106F82EB18603006B8EA6 = {
						CreatedOnToolsVersion = 16.4;
					};
				};
			};
			buildConfigurationList = 056106C62EB17CD3006B8EA6 /* Build configuration list for PBXProject "flrt" */;
			developmentRegion = en;
			hasScannedForEncodings = 0;
			knownRegions = (
				en,
				Base,
			);
			mainGroup = 056106C22EB17CD3006B8EA6;
			minimizedProjectReferenceProxies = 1;
			preferredProjectObjectVersion = 77;
			productRefGroup = 056106CC2EB17CD3006B8EA6 /* Products */;
			projectDirPath = "";
			projectRoot = "";
			targets = (
				056106CA2EB17CD3006B8EA6 /* flrt */,
				056106D72EB17CD7006B8EA6 /* flrtTests */,
				056106E12EB17CD7006B8EA6 /* flrtUITests */,
				056106F82EB18603006B8EA6 /* flirtKeyboard */,
			);
		};
/* End PBXProject section */

/* Begin PBXResourcesBuildPhase section */
		056106C92EB17CD3006B8EA6 /* Resources */ = {
			isa = PBXResourcesBuildPhase;
			buildActionMask = 2147483647;
			files = (
			);
			runOnlyForDeploymentPostprocessing = 0;
		};
		056106D62EB17CD7006B8EA6 /* Resources */ = {
			isa = PBXResourcesBuildPhase;
			buildActionMask = 2147483647;
			files = (
			);
			runOnlyForDeploymentPostprocessing = 0;
		};
		056106E02EB17CD7006B8EA6 /* Resources */ = {
			isa = PBXResourcesBuildPhase;
			buildActionMask = 2147483647;
			files = (
			);
			runOnlyForDeploymentPostprocessing = 0;
		};
		056106F72EB18603006B8EA6 /* Resources */ = {
			isa = PBXResourcesBuildPhase;
			buildActionMask = 2147483647;
			files = (
			);
			runOnlyForDeploymentPostprocessing = 0;
		};
/* End PBXResourcesBuildPhase section */

/* Begin PBXSourcesBuildPhase section */
		056106C72EB17CD3006B8EA6 /* Sources */ = {
			isa = PBXSourcesBuildPhase;
			buildActionMask = 2147483647;
			files = (
			);
			runOnlyForDeploymentPostprocessing = 0;
		};
		056106D42EB17CD7006B8EA6 /* Sources */ = {
			isa = PBXSourcesBuildPhase;
			buildActionMask = 2147483647;
			files = (
			);
			runOnlyForDeploymentPostprocessing = 0;
		};
		056106DE2EB17CD7006B8EA6 /* Sources */ = {
			isa = PBXSourcesBuildPhase;
			buildActionMask = 2147483647;
			files = (
			);
			runOnlyForDeploymentPostprocessing = 0;
		};
		056106F52EB18603006B8EA6 /* Sources */ = {
			isa = PBXSourcesBuildPhase;
			buildActionMask = 2147483647;
			files = (
			);
			runOnlyForDeploymentPostprocessing = 0;
		};
/* End PBXSourcesBuildPhase section */

/* Begin PBXTargetDependency section */
		056106DA2EB17CD7006B8EA6 /* PBXTargetDependency */ = {
			isa = PBXTargetDependency;
			target = 056106CA2EB17CD3006B8EA6 /* flrt */;
			targetProxy = 056106D92EB17CD7006B8EA6 /* PBXContainerItemProxy */;
		};
		056106E42EB17CD7006B8EA6 /* PBXTargetDependency */ = {
			isa = PBXTargetDependency;
			target = 056106CA2EB17CD3006B8EA6 /* flrt */;
			targetProxy = 056106E32EB17CD7006B8EA6 /* PBXContainerItemProxy */;
		};
		056106FF2EB18603006B8EA6 /* PBXTargetDependency */ = {
			isa = PBXTargetDependency;
			target = 056106F82EB18603006B8EA6 /* flirtKeyboard */;
			targetProxy = 056106FE2EB18603006B8EA6 /* PBXContainerItemProxy */;
		};
/* End PBXTargetDependency section */

/* Begin XCBuildConfiguration section */
		056106EA2EB17CD7006B8EA6 /* Debug */ = {
			isa = XCBuildConfiguration;
			buildSettings = {
				ALWAYS_SEARCH_USER_PATHS = NO;
				ASSETCATALOG_COMPILER_GENERATE_SWIFT_ASSET_SYMBOL_EXTENSIONS = YES;
				CLANG_ANALYZER_NONNULL = YES;
				CLANG_ANALYZER_NUMBER_OBJECT_CONVERSION = YES_AGGRESSIVE;
				CLANG_CXX_LANGUAGE_STANDARD = "gnu++20";
				CLANG_ENABLE_MODULES = YES;
				CLANG_ENABLE_OBJC_ARC = YES;
				CLANG_ENABLE_OBJC_WEAK = YES;
				CLANG_WARN_BLOCK_CAPTURE_AUTORELEASING = YES;
				CLANG_WARN_BOOL_CONVERSION = YES;
				CLANG_WARN_COMMA = YES;
				CLANG_WARN_CONSTANT_CONVERSION = YES;
				CLANG_WARN_DEPRECATED_OBJC_IMPLEMENTATIONS = YES;
				CLANG_WARN_DIRECT_OBJC_ISA_USAGE = YES_ERROR;
				CLANG_WARN_DOCUMENTATION_COMMENTS = YES;
				CLANG_WARN_EMPTY_BODY = YES;
				CLANG_WARN_ENUM_CONVERSION = YES;
				CLANG_WARN_INFINITE_RECURSION = YES;
				CLANG_WARN_INT_CONVERSION = YES;
				CLANG_WARN_NON_LITERAL_NULL_CONVERSION = YES;
				CLANG_WARN_OBJC_IMPLICIT_RETAIN_SELF = YES;
				CLANG_WARN_OBJC_LITERAL_CONVERSION = YES;
				CLANG_WARN_OBJC_ROOT_CLASS = YES_ERROR;
				CLANG_WARN_QUOTED_INCLUDE_IN_FRAMEWORK_HEADER = YES;
				CLANG_WARN_RANGE_LOOP_ANALYSIS = YES;
				CLANG_WARN_STRICT_PROTOTYPES = YES;
				CLANG_WARN_SUSPICIOUS_MOVE = YES;
				CLANG_WARN_UNGUARDED_AVAILABILITY = YES_AGGRESSIVE;
				CLANG_WARN_UNREACHABLE_CODE = YES;
				CLANG_WARN__DUPLICATE_METHOD_MATCH = YES;
				COPY_PHASE_STRIP = NO;
				DEBUG_INFORMATION_FORMAT = dwarf;
				DEVELOPMENT_TEAM = KX4D6QX4A2;
				ENABLE_STRICT_OBJC_MSGSEND = YES;
				ENABLE_TESTABILITY = YES;
				ENABLE_USER_SCRIPT_SANDBOXING = YES;
				GCC_C_LANGUAGE_STANDARD = gnu17;
				GCC_DYNAMIC_NO_PIC = NO;
				GCC_NO_COMMON_BLOCKS = YES;
				GCC_OPTIMIZATION_LEVEL = 0;
				GCC_PREPROCESSOR_DEFINITIONS = (
					"DEBUG=1",
					"$(inherited)",
				);
				GCC_WARN_64_TO_32_BIT_CONVERSION = YES;
				GCC_WARN_ABOUT_RETURN_TYPE = YES_ERROR;
				GCC_WARN_UNDECLARED_SELECTOR = YES;
				GCC_WARN_UNINITIALIZED_AUTOS = YES_AGGRESSIVE;
				GCC_WARN_UNUSED_FUNCTION = YES;
				GCC_WARN_UNUSED_VARIABLE = YES;
				IPHONEOS_DEPLOYMENT_TARGET = 18.5;
				LOCALIZATION_PREFERS_STRING_CATALOGS = YES;
				MTL_ENABLE_DEBUG_INFO = INCLUDE_SOURCE;
				MTL_FAST_MATH = YES;
				ONLY_ACTIVE_ARCH = YES;
				SDKROOT = iphoneos;
				SWIFT_ACTIVE_COMPILATION_CONDITIONS = "DEBUG $(inherited)";
				SWIFT_OPTIMIZATION_LEVEL = "-Onone";
			};
			name = Debug;
		};
		056106EB2EB17CD7006B8EA6 /* Release */ = {
			isa = XCBuildConfiguration;
			buildSettings = {
				ALWAYS_SEARCH_USER_PATHS = NO;
				ASSETCATALOG_COMPILER_GENERATE_SWIFT_ASSET_SYMBOL_EXTENSIONS = YES;
				CLANG_ANALYZER_NONNULL = YES;
				CLANG_ANALYZER_NUMBER_OBJECT_CONVERSION = YES_AGGRESSIVE;
				CLANG_CXX_LANGUAGE_STANDARD = "gnu++20";
				CLANG_ENABLE_MODULES = YES;
				CLANG_ENABLE_OBJC_ARC = YES;
				CLANG_ENABLE_OBJC_WEAK = YES;
				CLANG_WARN_BLOCK_CAPTURE_AUTORELEASING = YES;
				CLANG_WARN_BOOL_CONVERSION = YES;
				CLANG_WARN_COMMA = YES;
				CLANG_WARN_CONSTANT_CONVERSION = YES;
				CLANG_WARN_DEPRECATED_OBJC_IMPLEMENTATIONS = YES;
				CLANG_WARN_DIRECT_OBJC_ISA_USAGE = YES_ERROR;
				CLANG_WARN_DOCUMENTATION_COMMENTS = YES;
				CLANG_WARN_EMPTY_BODY = YES;
				CLANG_WARN_ENUM_CONVERSION = YES;
				CLANG_WARN_INFINITE_RECURSION = YES;
				CLANG_WARN_INT_CONVERSION = YES;
				CLANG_WARN_NON_LITERAL_NULL_CONVERSION = YES;
				CLANG_WARN_OBJC_IMPLICIT_RETAIN_SELF = YES;
				CLANG_WARN_OBJC_LITERAL_CONVERSION = YES;
				CLANG_WARN_OBJC_ROOT_CLASS = YES_ERROR;
				CLANG_WARN_QUOTED_INCLUDE_IN_FRAMEWORK_HEADER = YES;
				CLANG_WARN_RANGE_LOOP_ANALYSIS = YES;
				CLANG_WARN_STRICT_PROTOTYPES = YES;
				CLANG_WARN_SUSPICIOUS_MOVE = YES;
				CLANG_WARN_UNGUARDED_AVAILABILITY = YES_AGGRESSIVE;
				CLANG_WARN_UNREACHABLE_CODE = YES;
				CLANG_WARN__DUPLICATE_METHOD_MATCH = YES;
				COPY_PHASE_STRIP = NO;
				DEBUG_INFORMATION_FORMAT = "dwarf-with-dsym";
				DEVELOPMENT_TEAM = KX4D6QX4A2;
				ENABLE_NS_ASSERTIONS = NO;
				ENABLE_STRICT_OBJC_MSGSEND = YES;
				ENABLE_USER_SCRIPT_SANDBOXING = YES;
				GCC_C_LANGUAGE_STANDARD = gnu17;
				GCC_NO_COMMON_BLOCKS = YES;
				GCC_WARN_64_TO_32_BIT_CONVERSION = YES;
				GCC_WARN_ABOUT_RETURN_TYPE = YES_ERROR;
				GCC_WARN_UNDECLARED_SELECTOR = YES;
				GCC_WARN_UNINITIALIZED_AUTOS = YES_AGGRESSIVE;
				GCC_WARN_UNUSED_FUNCTION = YES;
				GCC_WARN_UNUSED_VARIABLE = YES;
				IPHONEOS_DEPLOYMENT_TARGET = 18.5;
				LOCALIZATION_PREFERS_STRING_CATALOGS = YES;
				MTL_ENABLE_DEBUG_INFO = NO;
				MTL_FAST_MATH = YES;
				SDKROOT = iphoneos;
				SWIFT_COMPILATION_MODE = wholemodule;
				VALIDATE_PRODUCT = YES;
			};
			name = Release;
		};
		056106ED2EB17CD7006B8EA6 /* Debug */ = {
			isa = XCBuildConfiguration;
			buildSettings = {
				ASSETCATALOG_COMPILER_APPICON_NAME = AppIcon;
				ASSETCATALOG_COMPILER_GLOBAL_ACCENT_COLOR_NAME = AccentColor;
				CODE_SIGN_ENTITLEMENTS = flrt/flrt.entitlements;
				CODE_SIGN_STYLE = Automatic;
				CURRENT_PROJECT_VERSION = 1;
				DEVELOPMENT_TEAM = KX4D6QX4A2;
				ENABLE_PREVIEWS = YES;
				GENERATE_INFOPLIST_FILE = YES;
				INFOPLIST_FILE = flrt/Info.plist;
				INFOPLIST_KEY_UIApplicationSceneManifest_Generation = YES;
				INFOPLIST_KEY_UIApplicationSupportsIndirectInputEvents = YES;
				INFOPLIST_KEY_UILaunchScreen_Generation = YES;
				INFOPLIST_KEY_UISupportedInterfaceOrientations_iPad = "UIInterfaceOrientationPortrait UIInterfaceOrientationPortraitUpsideDown UIInterfaceOrientationLandscapeLeft UIInterfaceOrientationLandscapeRight";
				INFOPLIST_KEY_UISupportedInterfaceOrientations_iPhone = "UIInterfaceOrientationPortrait UIInterfaceOrientationLandscapeLeft UIInterfaceOrientationLandscapeRight";
				LD_RUNPATH_SEARCH_PATHS = (
					"$(inherited)",
					"@executable_path/Frameworks",
				);
				MARKETING_VERSION = 1.0;
				PRODUCT_BUNDLE_IDENTIFIER = com.og.flrt;
				PRODUCT_NAME = "$(TARGET_NAME)";
				SWIFT_EMIT_LOC_STRINGS = YES;
				SWIFT_VERSION = 5.0;
				TARGETED_DEVICE_FAMILY = "1,2";
			};
			name = Debug;
		};
		056106EE2EB17CD7006B8EA6 /* Release */ = {
			isa = XCBuildConfiguration;
			buildSettings = {
				ASSETCATALOG_COMPILER_APPICON_NAME = AppIcon;
				ASSETCATALOG_COMPILER_GLOBAL_ACCENT_COLOR_NAME = AccentColor;
				CODE_SIGN_ENTITLEMENTS = flrt/flrt.entitlements;
				CODE_SIGN_STYLE = Automatic;
				CURRENT_PROJECT_VERSION = 1;
				DEVELOPMENT_TEAM = KX4D6QX4A2;
				ENABLE_PREVIEWS = YES;
				GENERATE_INFOPLIST_FILE = YES;
				INFOPLIST_FILE = flrt/Info.plist;
				INFOPLIST_KEY_UIApplicationSceneManifest_Generation = YES;
				INFOPLIST_KEY_UIApplicationSupportsIndirectInputEvents = YES;
				INFOPLIST_KEY_UILaunchScreen_Generation = YES;
				INFOPLIST_KEY_UISupportedInterfaceOrientations_iPad = "UIInterfaceOrientationPortrait UIInterfaceOrientationPortraitUpsideDown UIInterfaceOrientationLandscapeLeft UIInterfaceOrientationLandscapeRight";
				INFOPLIST_KEY_UISupportedInterfaceOrientations_iPhone = "UIInterfaceOrientationPortrait UIInterfaceOrientationLandscapeLeft UIInterfaceOrientationLandscapeRight";
				LD_RUNPATH_SEARCH_PATHS = (
					"$(inherited)",
					"@executable_path/Frameworks",
				);
				MARKETING_VERSION = 1.0;
				PRODUCT_BUNDLE_IDENTIFIER = com.og.flrt;
				PRODUCT_NAME = "$(TARGET_NAME)";
				SWIFT_EMIT_LOC_STRINGS = YES;
				SWIFT_VERSION = 5.0;
				TARGETED_DEVICE_FAMILY = "1,2";
			};
			name = Release;
		};
		056106F02EB17CD7006B8EA6 /* Debug */ = {
			isa = XCBuildConfiguration;
			buildSettings = {
				BUNDLE_LOADER = "$(TEST_HOST)";
				CODE_SIGN_STYLE = Automatic;
				CURRENT_PROJECT_VERSION = 1;
				DEVELOPMENT_TEAM = KX4D6QX4A2;
				GENERATE_INFOPLIST_FILE = YES;
				IPHONEOS_DEPLOYMENT_TARGET = 18.5;
				MARKETING_VERSION = 1.0;
				PRODUCT_BUNDLE_IDENTIFIER = com.og.flrtTests;
				PRODUCT_NAME = "$(TARGET_NAME)";
				SWIFT_EMIT_LOC_STRINGS = NO;
				SWIFT_VERSION = 5.0;
				TARGETED_DEVICE_FAMILY = "1,2";
				TEST_HOST = "$(BUILT_PRODUCTS_DIR)/flrt.app/$(BUNDLE_EXECUTABLE_FOLDER_PATH)/flrt";
			};
			name = Debug;
		};
		056106F12EB17CD7006B8EA6 /* Release */ = {
			isa = XCBuildConfiguration;
			buildSettings = {
				BUNDLE_LOADER = "$(TEST_HOST)";
				CODE_SIGN_STYLE = Automatic;
				CURRENT_PROJECT_VERSION = 1;
				DEVELOPMENT_TEAM = KX4D6QX4A2;
				GENERATE_INFOPLIST_FILE = YES;
				IPHONEOS_DEPLOYMENT_TARGET = 18.5;
				MARKETING_VERSION = 1.0;
				PRODUCT_BUNDLE_IDENTIFIER = com.og.flrtTests;
				PRODUCT_NAME = "$(TARGET_NAME)";
				SWIFT_EMIT_LOC_STRINGS = NO;
				SWIFT_VERSION = 5.0;
				TARGETED_DEVICE_FAMILY = "1,2";
				TEST_HOST = "$(BUILT_PRODUCTS_DIR)/flrt.app/$(BUNDLE_EXECUTABLE_FOLDER_PATH)/flrt";
			};
			name = Release;
		};
		056106F32EB17CD7006B8EA6 /* Debug */ = {
			isa = XCBuildConfiguration;
			buildSettings = {
				CODE_SIGN_STYLE = Automatic;
				CURRENT_PROJECT_VERSION = 1;
				DEVELOPMENT_TEAM = KX4D6QX4A2;
				GENERATE_INFOPLIST_FILE = YES;
				MARKETING_VERSION = 1.0;
				PRODUCT_BUNDLE_IDENTIFIER = com.og.flrtUITests;
				PRODUCT_NAME = "$(TARGET_NAME)";
				SWIFT_EMIT_LOC_STRINGS = NO;
				SWIFT_VERSION = 5.0;
				TARGETED_DEVICE_FAMILY = "1,2";
				TEST_TARGET_NAME = flrt;
			};
			name = Debug;
		};
		056106F42EB17CD7006B8EA6 /* Release */ = {
			isa = XCBuildConfiguration;
			buildSettings = {
				CODE_SIGN_STYLE = Automatic;
				CURRENT_PROJECT_VERSION = 1;
				DEVELOPMENT_TEAM = KX4D6QX4A2;
				GENERATE_INFOPLIST_FILE = YES;
				MARKETING_VERSION = 1.0;
				PRODUCT_BUNDLE_IDENTIFIER = com.og.flrtUITests;
				PRODUCT_NAME = "$(TARGET_NAME)";
				SWIFT_EMIT_LOC_STRINGS = NO;
				SWIFT_VERSION = 5.0;
				TARGETED_DEVICE_FAMILY = "1,2";
				TEST_TARGET_NAME = flrt;
			};
			name = Release;
		};
		056107032EB18603006B8EA6 /* Debug */ = {
			isa = XCBuildConfiguration;
			buildSettings = {
				CODE_SIGN_ENTITLEMENTS = flirtKeyboard/flirtKeyboard.entitlements;
				CODE_SIGN_STYLE = Automatic;
				CURRENT_PROJECT_VERSION = 1;
				DEVELOPMENT_TEAM = KX4D6QX4A2;
				GENERATE_INFOPLIST_FILE = YES;
				INFOPLIST_FILE = flirtKeyboard/Info.plist;
				INFOPLIST_KEY_CFBundleDisplayName = flirtKeyboard;
				INFOPLIST_KEY_NSHumanReadableCopyright = "";
				INFOPLIST_KEY_NSPhotoLibraryUsageDescription = "We need access to your photos so you can select screenshots to process.";
				LD_RUNPATH_SEARCH_PATHS = (
					"$(inherited)",
					"@executable_path/Frameworks",
					"@executable_path/../../Frameworks",
				);
				MARKETING_VERSION = 1.0;
				PRODUCT_BUNDLE_IDENTIFIER = com.og.flrt.keyboard;
				PRODUCT_NAME = "$(TARGET_NAME)";
				SKIP_INSTALL = YES;
				SWIFT_EMIT_LOC_STRINGS = YES;
				SWIFT_VERSION = 5.0;
				TARGETED_DEVICE_FAMILY = "1,2";
			};
			name = Debug;
		};
		056107042EB18603006B8EA6 /* Release */ = {
			isa = XCBuildConfiguration;
			buildSettings = {
				CODE_SIGN_ENTITLEMENTS = flirtKeyboard/flirtKeyboard.entitlements;
				CODE_SIGN_STYLE = Automatic;
				CURRENT_PROJECT_VERSION = 1;
				DEVELOPMENT_TEAM = KX4D6QX4A2;
				GENERATE_INFOPLIST_FILE = YES;
				INFOPLIST_FILE = flirtKeyboard/Info.plist;
				INFOPLIST_KEY_CFBundleDisplayName = flirtKeyboard;
				INFOPLIST_KEY_NSHumanReadableCopyright = "";
				INFOPLIST_KEY_NSPhotoLibraryUsageDescription = "We need access to your photos so you can select screenshots to process.";
				LD_RUNPATH_SEARCH_PATHS = (
					"$(inherited)",
					"@executable_path/Frameworks",
					"@executable_path/../../Frameworks",
				);
				MARKETING_VERSION = 1.0;
				PRODUCT_BUNDLE_IDENTIFIER = com.og.flrt.keyboard;
				PRODUCT_NAME = "$(TARGET_NAME)";
				SKIP_INSTALL = YES;
				SWIFT_EMIT_LOC_STRINGS = YES;
				SWIFT_VERSION = 5.0;
				TARGETED_DEVICE_FAMILY = "1,2";
			};
			name = Release;
		};
/* End XCBuildConfiguration section */

/* Begin XCConfigurationList section */
		056106C62EB17CD3006B8EA6 /* Build configuration list for PBXProject "flrt" */ = {
			isa = XCConfigurationList;
			buildConfigurations = (
				056106EA2EB17CD7006B8EA6 /* Debug */,
				056106EB2EB17CD7006B8EA6 /* Release */,
			);
			defaultConfigurationIsVisible = 0;
			defaultConfigurationName = Release;
		};
		056106EC2EB17CD7006B8EA6 /* Build configuration list for PBXNativeTarget "flrt" */ = {
			isa = XCConfigurationList;
			buildConfigurations = (
				056106ED2EB17CD7006B8EA6 /* Debug */,
				056106EE2EB17CD7006B8EA6 /* Release */,
			);
			defaultConfigurationIsVisible = 0;
			defaultConfigurationName = Release;
		};
		056106EF2EB17CD7006B8EA6 /* Build configuration list for PBXNativeTarget "flrtTests" */ = {
			isa = XCConfigurationList;
			buildConfigurations = (
				056106F02EB17CD7006B8EA6 /* Debug */,
				056106F12EB17CD7006B8EA6 /* Release */,
			);
			defaultConfigurationIsVisible = 0;
			defaultConfigurationName = Release;
		};
		056106F22EB17CD7006B8EA6 /* Build configuration list for PBXNativeTarget "flrtUITests" */ = {
			isa = XCConfigurationList;
			buildConfigurations = (
				056106F32EB17CD7006B8EA6 /* Debug */,
				056106F42EB17CD7006B8EA6 /* Release */,
			);
			defaultConfigurationIsVisible = 0;
			defaultConfigurationName = Release;
		};
		056107022EB18603006B8EA6 /* Build configuration list for PBXNativeTarget "flirtKeyboard" */ = {
			isa = XCConfigurationList;
			buildConfigurations = (
				056107032EB18603006B8EA6 /* Debug */,
				056107042EB18603006B8EA6 /* Release */,
			);
			defaultConfigurationIsVisible = 0;
			defaultConfigurationName = Release;
		};
/* End XCConfigurationList section */
	};
	rootObject = 056106C32EB17CD3006B8EA6 /* Project object */;
}
